
Microsoft Visual Studio Solution File, Format Version 12.00
# Visual Studio Version 17
VisualStudioVersion = 17.3.32804.467
MinimumVisualStudioVersion = 10.0.40219.1
Project("{FAE04EC0-301F-11D3-BF4B-00C04F79EFBC}") = "SavingThrowDisplayFix", "SavingThrowDisplayFix.csproj", "{E272F2F7-D36C-40C2-889D-CD09620AF568}"
EndProject
Global
	GlobalSection(SolutionConfigurationPlatforms) = preSolution
		Debug|Any CPU = Debug|Any CPU
		Release|Any CPU = Release|Any CPU
	EndGlobalSection
	GlobalSection(ProjectConfigurationPlatforms) = postSolution
		{E272F2F7-D36C-40C2-889D-CD09620AF568}.Debug|Any CPU.ActiveCfg = Debug|Any CPU
		{E272F2F7-D36C-40C2-889D-CD09620AF568}.Debug|Any CPU.Build.0 = Debug|Any CPU
		{E272F2F7-D36C-40C2-889D-CD09620AF568}.Release|Any CPU.ActiveCfg = Release|Any CPU
		{E272F2F7-D36C-40C2-889D-CD09620AF568}.Release|Any CPU.Build.0 = Release|Any CPU
	EndGlobalSection
	GlobalSection(SolutionProperties) = preSolution
		HideSolutionNode = FALSE
	EndGlobalSection
	GlobalSection(ExtensibilityGlobals) = postSolution
		SolutionGuid = {19D1735B-B90E-4C23-AFBB-C4BFB07FD23D}
	EndGlobalSection
EndGlobal
